
Microsoft Visual Studio Solution File, Format Version 12.00
# Visual Studio Version 17
VisualStudioVersion = 17.10.35013.160
MinimumVisualStudioVersion = 10.0.40219.1
Project("{FAE04EC0-301F-11D3-BF4B-00C04F79EFBC}") = "usedLinq", "usedLinq\usedLinq.csproj", "{E88E15E8-0204-4115-AB2D-33E7AC97F19B}"
EndProject
Global
	GlobalSection(SolutionConfigurationPlatforms) = preSolution
		Debug|Any CPU = Debug|Any CPU
		Release|Any CPU = Release|Any CPU
	EndGlobalSection
	GlobalSection(ProjectConfigurationPlatforms) = postSolution
		{E88E15E8-0204-4115-AB2D-33E7AC97F19B}.Debug|Any CPU.ActiveCfg = Debug|Any CPU
		{E88E15E8-0204-4115-AB2D-33E7AC97F19B}.Debug|Any CPU.Build.0 = Debug|Any CPU
		{E88E15E8-0204-4115-AB2D-33E7AC97F19B}.Release|Any CPU.ActiveCfg = Release|Any CPU
		{E88E15E8-0204-4115-AB2D-33E7AC97F19B}.Release|Any CPU.Build.0 = Release|Any CPU
	EndGlobalSection
	GlobalSection(SolutionProperties) = preSolution
		HideSolutionNode = FALSE
	EndGlobalSection
	GlobalSection(ExtensibilityGlobals) = postSolution
		SolutionGuid = {8BC40C95-0518-4212-8883-D8BC8CD36845}
	EndGlobalSection
EndGlobal
